
Microsoft Visual Studio Solution File, Format Version 11.00
# Visual Studio 2010
# SharpDevelop 5.1
Project("{FAE04EC0-301F-11D3-BF4B-00C04F79EFBC}") = "ParaSyndra", "ParaSyndra\ParaSyndra.csproj", "{9F8A3387-CFE3-45F6-B4A9-5A8F643C7BF4}"
EndProject
Global
	GlobalSection(SolutionConfigurationPlatforms) = preSolution
		Debug|Any CPU = Debug|Any CPU
		Release|Any CPU = Release|Any CPU
	EndGlobalSection
	GlobalSection(ProjectConfigurationPlatforms) = postSolution
		{9F8A3387-CFE3-45F6-B4A9-5A8F643C7BF4}.Debug|Any CPU.ActiveCfg = Debug|Any CPU
		{9F8A3387-CFE3-45F6-B4A9-5A8F643C7BF4}.Debug|Any CPU.Build.0 = Debug|Any CPU
		{9F8A3387-CFE3-45F6-B4A9-5A8F643C7BF4}.Release|Any CPU.ActiveCfg = Release|Any CPU
		{9F8A3387-CFE3-45F6-B4A9-5A8F643C7BF4}.Release|Any CPU.Build.0 = Release|Any CPU
	EndGlobalSection
EndGlobal
